
Microsoft Visual Studio Solution File, Format Version 12.00
# Visual Studio Version 16
VisualStudioVersion = 16.0.29025.244
MinimumVisualStudioVersion = 10.0.40219.1
Project("{FAE04EC0-301F-11D3-BF4B-00C04F79EFBC}") = "UChat", "UChat\UChat.csproj", "{AA504BB2-1F4D-4DFF-833E-BE3291932267}"
EndProject
Global
	GlobalSection(SolutionConfigurationPlatforms) = preSolution
		Debug|Any CPU = Debug|Any CPU
		Release|Any CPU = Release|Any CPU
	EndGlobalSection
	GlobalSection(ProjectConfigurationPlatforms) = postSolution
		{AA504BB2-1F4D-4DFF-833E-BE3291932267}.Debug|Any CPU.ActiveCfg = Debug|Any CPU
		{AA504BB2-1F4D-4DFF-833E-BE3291932267}.Debug|Any CPU.Build.0 = Debug|Any CPU
		{AA504BB2-1F4D-4DFF-833E-BE3291932267}.Release|Any CPU.ActiveCfg = Release|Any CPU
		{AA504BB2-1F4D-4DFF-833E-BE3291932267}.Release|Any CPU.Build.0 = Release|Any CPU
	EndGlobalSection
	GlobalSection(SolutionProperties) = preSolution
		HideSolutionNode = FALSE
	EndGlobalSection
	GlobalSection(ExtensibilityGlobals) = postSolution
		SolutionGuid = {CE7AF2D1-7E0A-4E54-A057-A5637BB94E4B}
	EndGlobalSection
EndGlobal
