
Microsoft Visual Studio Solution File, Format Version 12.00
# Visual Studio Version 16
VisualStudioVersion = 16.0.29102.190
MinimumVisualStudioVersion = 10.0.40219.1
Project("{FAE04EC0-301F-11D3-BF4B-00C04F79EFBC}") = "DemoSocket", "DemoSocket\DemoSocket.csproj", "{BCB7B345-4176-424B-8843-C280309772C0}"
	ProjectSection(ProjectDependencies) = postProject
		{49BF4DFE-D919-4134-A6E5-8CBFFEA5BEA8} = {49BF4DFE-D919-4134-A6E5-8CBFFEA5BEA8}
	EndProjectSection
EndProject
Project("{9A19103F-16F7-4668-BE54-9A1E7A4F7556}") = "Uclient", "Uclient\Uclient.csproj", "{49BF4DFE-D919-4134-A6E5-8CBFFEA5BEA8}"
EndProject
Global
	GlobalSection(SolutionConfigurationPlatforms) = preSolution
		Debug|Any CPU = Debug|Any CPU
		Release|Any CPU = Release|Any CPU
	EndGlobalSection
	GlobalSection(ProjectConfigurationPlatforms) = postSolution
		{BCB7B345-4176-424B-8843-C280309772C0}.Debug|Any CPU.ActiveCfg = Debug|Any CPU
		{BCB7B345-4176-424B-8843-C280309772C0}.Debug|Any CPU.Build.0 = Debug|Any CPU
		{BCB7B345-4176-424B-8843-C280309772C0}.Release|Any CPU.ActiveCfg = Release|Any CPU
		{BCB7B345-4176-424B-8843-C280309772C0}.Release|Any CPU.Build.0 = Release|Any CPU
		{49BF4DFE-D919-4134-A6E5-8CBFFEA5BEA8}.Debug|Any CPU.ActiveCfg = Debug|Any CPU
		{49BF4DFE-D919-4134-A6E5-8CBFFEA5BEA8}.Debug|Any CPU.Build.0 = Debug|Any CPU
		{49BF4DFE-D919-4134-A6E5-8CBFFEA5BEA8}.Release|Any CPU.ActiveCfg = Release|Any CPU
		{49BF4DFE-D919-4134-A6E5-8CBFFEA5BEA8}.Release|Any CPU.Build.0 = Release|Any CPU
	EndGlobalSection
	GlobalSection(SolutionProperties) = preSolution
		HideSolutionNode = FALSE
	EndGlobalSection
	GlobalSection(ExtensibilityGlobals) = postSolution
		SolutionGuid = {1881A80B-189E-402F-AAD2-633EE060C98C}
	EndGlobalSection
EndGlobal
